{
  "nodes": {
    "aagl": {
      "inputs": {
        "flake-compat": [
          "flake-compat"
        ],
        "nixpkgs": [
          "nixpkgs"
        ]
      },
      "locked": {
        "lastModified": 1744234873,
        "narHash": "sha256-lQOQNEU1z4/oVBpWDjTXidMdelaafNR3jecj6n0hCIU=",
        "owner": "ezKEa",
        "repo": "aagl-gtk-on-nix",
        "rev": "8f45b51942618a16e2027a67f054400a32a4b534",
        "type": "github"
      },
      "original": {
        "owner": "ezKEa",
        "repo": "aagl-gtk-on-nix",
        "type": "github"
      }
    },
    "base16-schemes": {
      "flake": false,
      "locked": {
        "lastModified": 1696158499,
        "narHash": "sha256-5yIHgDTPjoX/3oDEfLSQ0eJZdFL1SaCfb9d6M0RmOTM=",
        "owner": "tinted-theming",
        "repo": "base16-schemes",
        "rev": "a9112eaae86d9dd8ee6bb9445b664fba2f94037a",
        "type": "github"
      },
      "original": {
        "owner": "tinted-theming",
        "repo": "base16-schemes",
        "type": "github"
      }
    },
    "catppuccin": {
      "inputs": {
        "nixpkgs": "nixpkgs"
      },
      "locked": {
        "lastModified": 1745352209,
        "narHash": "sha256-u3vJEzi6zxgG59KXjMR5koERsdKT5nd1OEKCpr6zgn8=",
        "owner": "catppuccin",
        "repo": "nix",
        "rev": "6268e50dbb0ac9375e110560395b5dc199e4dfb8",
        "type": "github"
      },
      "original": {
        "owner": "catppuccin",
        "repo": "nix",
        "type": "github"
      }
    },
    "crane": {
      "locked": {
        "lastModified": 1733418579,
        "narHash": "sha256-0fJaoI4B9Nn67E1P44usZhZHkSSyWdAI23HU+X+HJCQ=",
        "owner": "ipetkov",
        "repo": "crane",
        "rev": "62e50137688d953557f156f01e2ad2a25b22d66c",
        "type": "github"
      },
      "original": {
        "owner": "ipetkov",
        "repo": "crane",
        "type": "github"
      }
    },
    "deadnix": {
      "inputs": {
        "nixpkgs": [
          "nixpkgs"
        ],
        "utils": "utils"
      },
      "locked": {
        "lastModified": 1745473442,
        "narHash": "sha256-uBK3f8wiwnVfsAClgMaGQAAFbFK2OWmKSAwZMbeaWhQ=",
        "owner": "zakuciael",
        "repo": "deadnix",
        "rev": "36dd1f749140072ba967d434a7a4e4c4354ae08c",
        "type": "github"
      },
      "original": {
        "owner": "zakuciael",
        "repo": "deadnix",
        "type": "github"
      }
    },
    "disko": {
      "inputs": {
        "nixpkgs": [
          "nixpkgs"
        ]
      },
      "locked": {
        "lastModified": 1736864502,
        "narHash": "sha256-ItkIZyebGvNH2dK9jVGzJHGPtb6BSWLN8Gmef16NeY0=",
        "owner": "nix-community",
        "repo": "disko",
        "rev": "0141aabed359f063de7413f80d906e1d98c0c123",
        "type": "github"
      },
      "original": {
        "owner": "nix-community",
        "ref": "latest",
        "repo": "disko",
        "type": "github"
      }
    },
    "distro-grub-themes": {
      "inputs": {
        "flake-utils": [
          "flake-utils"
        ],
        "nixpkgs": [
          "nixpkgs"
        ]
      },
      "locked": {
        "lastModified": 1734806114,
        "narHash": "sha256-FWkDtoLMTTk2Lz4d4LkFjtV/xYyIlpwZlX5Np1QhXls=",
        "owner": "AdisonCavani",
        "repo": "distro-grub-themes",
        "rev": "ebbd17419890059e371a6f2dbf2a7e76190327d4",
        "type": "github"
      },
      "original": {
        "owner": "AdisonCavani",
        "repo": "distro-grub-themes",
        "type": "github"
      }
    },
    "fenix": {
      "inputs": {
        "nixpkgs": [
          "rofi-jetbrains",
          "nixpkgs"
        ],
        "rust-analyzer-src": [
          "rofi-jetbrains"
        ]
      },
      "locked": {
        "lastModified": 1733553297,
        "narHash": "sha256-DwKpay17BJ8XhWn2PVhNEUS98qql2LZ/z37ZbGwdZCM=",
        "owner": "nix-community",
        "repo": "fenix",
        "rev": "8519a70a1a81db2dd22316f94c25d7510218169e",
        "type": "github"
      },
      "original": {
        "owner": "nix-community",
        "repo": "fenix",
        "type": "github"
      }
    },
    "fenix_2": {
      "inputs": {
        "nixpkgs": [
          "statix",
          "nixpkgs"
        ],
        "rust-analyzer-src": "rust-analyzer-src"
      },
      "locked": {
        "lastModified": 1731738660,
        "narHash": "sha256-tIXhc9lX1b030v812yVJanSR37OnpTb/OY5rU3TbShA=",
        "owner": "nix-community",
        "repo": "fenix",
        "rev": "e10ba121773f754a30d31b6163919a3e404a434f",
        "type": "github"
      },
      "original": {
        "owner": "nix-community",
        "repo": "fenix",
        "type": "github"
      }
    },
    "flake-compat": {
      "locked": {
        "lastModified": 1733328505,
        "narHash": "sha256-NeCCThCEP3eCl2l/+27kNNK7QrwZB1IJCrXfrbv5oqU=",
        "owner": "edolstra",
        "repo": "flake-compat",
        "rev": "ff81ac966bb2cae68946d5ed5fc4994f96d0ffec",
        "type": "github"
      },
      "original": {
        "owner": "edolstra",
        "repo": "flake-compat",
        "type": "github"
      }
    },
    "flake-parts": {
      "inputs": {
        "nixpkgs-lib": "nixpkgs-lib"
      },
      "locked": {
        "lastModified": 1743550720,
        "narHash": "sha256-hIshGgKZCgWh6AYJpJmRgFdR3WUbkY04o82X05xqQiY=",
        "owner": "hercules-ci",
        "repo": "flake-parts",
        "rev": "c621e8422220273271f52058f618c94e405bb0f5",
        "type": "github"
      },
      "original": {
        "owner": "hercules-ci",
        "repo": "flake-parts",
        "type": "github"
      }
    },
    "flake-utils": {
      "inputs": {
        "systems": "systems_2"
      },
      "locked": {
        "lastModified": 1731533236,
        "narHash": "sha256-l0KFg5HjrsfsO/JpG+r7fRrqm12kzFHyUHqHCVpMMbI=",
        "owner": "numtide",
        "repo": "flake-utils",
        "rev": "11707dc2f618dd54ca8739b309ec4fc024de578b",
        "type": "github"
      },
      "original": {
        "owner": "numtide",
        "repo": "flake-utils",
        "type": "github"
      }
    },
    "home-manager": {
      "inputs": {
        "nixpkgs": [
          "nixpkgs"
        ]
      },
      "locked": {
        "lastModified": 1745439012,
        "narHash": "sha256-TwbdiH28QK7Da2JQTqFHdb+UCJq6QbF2mtf+RxHVzEA=",
        "owner": "nix-community",
        "repo": "home-manager",
        "rev": "d31710fb2cd536b1966fee2af74e99a0816a61a8",
        "type": "github"
      },
      "original": {
        "owner": "nix-community",
        "repo": "home-manager",
        "type": "github"
      }
    },
    "nix-colors": {
      "inputs": {
        "base16-schemes": "base16-schemes",
        "nixpkgs-lib": "nixpkgs-lib_2"
      },
      "locked": {
        "lastModified": 1707825078,
        "narHash": "sha256-hTfge2J2W+42SZ7VHXkf4kjU+qzFqPeC9k66jAUBMHk=",
        "owner": "misterio77",
        "repo": "nix-colors",
        "rev": "b01f024090d2c4fc3152cd0cf12027a7b8453ba1",
        "type": "github"
      },
      "original": {
        "owner": "misterio77",
        "repo": "nix-colors",
        "type": "github"
      }
    },
    "nixos-hardware": {
      "locked": {
        "lastModified": 1737813969,
        "narHash": "sha256-aEQZVjrXyaoXnV/nrxo7p+uDCBuAPNaRM5gh0qCYmLM=",
        "owner": "zakuciael",
        "repo": "nixos-hardware",
        "rev": "373ec281acf7e7792f0571e3749b8bda8b113181",
        "type": "github"
      },
      "original": {
        "owner": "zakuciael",
        "ref": "master",
        "repo": "nixos-hardware",
        "type": "github"
      }
    },
    "nixpkgs": {
      "locked": {
        "lastModified": 1744463964,
        "narHash": "sha256-LWqduOgLHCFxiTNYi3Uj5Lgz0SR+Xhw3kr/3Xd0GPTM=",
        "owner": "NixOS",
        "repo": "nixpkgs",
        "rev": "2631b0b7abcea6e640ce31cd78ea58910d31e650",
        "type": "github"
      },
      "original": {
        "owner": "NixOS",
        "ref": "nixos-unstable",
        "repo": "nixpkgs",
        "type": "github"
      }
    },
    "nixpkgs-lib": {
      "locked": {
        "lastModified": 1743296961,
        "narHash": "sha256-b1EdN3cULCqtorQ4QeWgLMrd5ZGOjLSLemfa00heasc=",
        "owner": "nix-community",
        "repo": "nixpkgs.lib",
        "rev": "e4822aea2a6d1cdd36653c134cacfd64c97ff4fa",
        "type": "github"
      },
      "original": {
        "owner": "nix-community",
        "repo": "nixpkgs.lib",
        "type": "github"
      }
    },
    "nixpkgs-lib_2": {
      "locked": {
        "lastModified": 1697935651,
        "narHash": "sha256-qOfWjQ2JQSQL15KLh6D7xQhx0qgZlYZTYlcEiRuAMMw=",
        "owner": "nix-community",
        "repo": "nixpkgs.lib",
        "rev": "e1e11fdbb01113d85c7f41cada9d2847660e3902",
        "type": "github"
      },
      "original": {
        "owner": "nix-community",
        "repo": "nixpkgs.lib",
        "type": "github"
      }
    },
    "nixpkgs_2": {
      "locked": {
        "lastModified": 1745234285,
        "narHash": "sha256-GfpyMzxwkfgRVN0cTGQSkTC0OHhEkv3Jf6Tcjm//qZ0=",
        "owner": "NixOS",
        "repo": "nixpkgs",
        "rev": "c11863f1e964833214b767f4a369c6e6a7aba141",
        "type": "github"
      },
      "original": {
        "id": "nixpkgs",
        "ref": "nixos-unstable",
        "type": "indirect"
      }
    },
    "nostale-dev-env": {
      "inputs": {
        "flake-parts": [
          "flake-parts"
        ],
        "nixpkgs": [
          "nixpkgs"
        ]
      },
      "locked": {
        "lastModified": 1735129135,
        "narHash": "sha256-0f+pYuik+sM54MNW4OsGEW3Ifev51iSsWrVVH5nn7B4=",
        "owner": "zakuciael",
        "repo": "nostale-dev-env",
        "rev": "5e349f5f356a616be8aa5f6aa8c7a240997c2db7",
        "type": "github"
      },
      "original": {
        "owner": "zakuciael",
        "repo": "nostale-dev-env",
        "type": "github"
      }
    },
    "rofi-jetbrains": {
      "inputs": {
        "crane": "crane",
        "fenix": "fenix",
        "flake-parts": [
          "flake-parts"
        ],
        "nixpkgs": [
          "nixpkgs"
        ]
      },
      "locked": {
        "lastModified": 1733619090,
        "narHash": "sha256-QM8X9Jt/wQ4bAY5HGVPXLckeGZBDeDO34x5GgDDbL84=",
        "owner": "zakuciael",
        "repo": "rofi-jetbrains",
        "rev": "46eb3677dceb5baeee989ff9979a5a59ff600dcb",
        "type": "github"
      },
      "original": {
        "owner": "zakuciael",
        "ref": "v2.1.0",
        "repo": "rofi-jetbrains",
        "type": "github"
      }
    },
    "root": {
      "inputs": {
        "aagl": "aagl",
        "catppuccin": "catppuccin",
        "deadnix": "deadnix",
        "disko": "disko",
        "distro-grub-themes": "distro-grub-themes",
        "flake-compat": "flake-compat",
        "flake-parts": "flake-parts",
        "flake-utils": "flake-utils",
        "home-manager": "home-manager",
        "nix-colors": "nix-colors",
        "nixos-hardware": "nixos-hardware",
        "nixpkgs": "nixpkgs_2",
        "nostale-dev-env": "nostale-dev-env",
        "rofi-jetbrains": "rofi-jetbrains",
        "sops-nix": "sops-nix",
        "statix": "statix",
        "vscode-server": "vscode-server"
      }
    },
    "rust-analyzer-src": {
      "flake": false,
      "locked": {
        "lastModified": 1731693936,
        "narHash": "sha256-uHUUS1WPyW6ohp5Bt3dAZczUlQ22vOn7YZF8vaPKIEw=",
        "owner": "rust-lang",
        "repo": "rust-analyzer",
        "rev": "1b90e979aeee8d1db7fe14603a00834052505497",
        "type": "github"
      },
      "original": {
        "owner": "rust-lang",
        "ref": "nightly",
        "repo": "rust-analyzer",
        "type": "github"
      }
    },
    "sops-nix": {
      "inputs": {
        "nixpkgs": [
          "nixpkgs"
        ],
        "nixpkgs-stable": [
          "nixpkgs"
        ]
      },
      "locked": {
        "lastModified": 1730746162,
        "narHash": "sha256-ZGmI+3AbT8NkDdBQujF+HIxZ+sWXuyT6X8B49etWY2g=",
        "owner": "Mic92",
        "repo": "sops-nix",
        "rev": "59d6988329626132eaf107761643f55eb979eef1",
        "type": "github"
      },
      "original": {
        "owner": "Mic92",
        "repo": "sops-nix",
        "rev": "59d6988329626132eaf107761643f55eb979eef1",
        "type": "github"
      }
    },
    "statix": {
      "inputs": {
        "fenix": "fenix_2",
        "nixpkgs": [
          "nixpkgs"
        ]
      },
      "locked": {
        "lastModified": 1743513237,
        "narHash": "sha256-bO01YFgeqaz+lZuNgX6i+03SnHfSKnZTsxX6zLYYDIg=",
        "owner": "RobWalt",
        "repo": "statix",
        "rev": "2b4ddb73ea94163c094d05a4a384d165558fa09a",
        "type": "github"
      },
      "original": {
        "owner": "RobWalt",
        "repo": "statix",
        "type": "github"
      }
    },
    "systems": {
      "locked": {
        "lastModified": 1681028828,
        "narHash": "sha256-Vy1rq5AaRuLzOxct8nz4T6wlgyUR7zLU309k9mBC768=",
        "owner": "nix-systems",
        "repo": "default",
        "rev": "da67096a3b9bf56a91d16901293e51ba5b49a27e",
        "type": "github"
      },
      "original": {
        "owner": "nix-systems",
        "repo": "default",
        "type": "github"
      }
    },
    "systems_2": {
      "locked": {
        "lastModified": 1681028828,
        "narHash": "sha256-Vy1rq5AaRuLzOxct8nz4T6wlgyUR7zLU309k9mBC768=",
        "owner": "nix-systems",
        "repo": "default",
        "rev": "da67096a3b9bf56a91d16901293e51ba5b49a27e",
        "type": "github"
      },
      "original": {
        "owner": "nix-systems",
        "repo": "default",
        "type": "github"
      }
    },
    "utils": {
      "inputs": {
        "systems": "systems"
      },
      "locked": {
        "lastModified": 1731533236,
        "narHash": "sha256-l0KFg5HjrsfsO/JpG+r7fRrqm12kzFHyUHqHCVpMMbI=",
        "owner": "numtide",
        "repo": "flake-utils",
        "rev": "11707dc2f618dd54ca8739b309ec4fc024de578b",
        "type": "github"
      },
      "original": {
        "owner": "numtide",
        "repo": "flake-utils",
        "type": "github"
      }
    },
    "vscode-server": {
      "inputs": {
        "flake-utils": [
          "flake-utils"
        ],
        "nixpkgs": [
          "nixpkgs"
        ]
      },
      "locked": {
        "lastModified": 1729422940,
        "narHash": "sha256-DlvJv33ml5UTKgu4b0HauOfFIoDx6QXtbqUF3vWeRCY=",
        "owner": "nix-community",
        "repo": "nixos-vscode-server",
        "rev": "8b6db451de46ecf9b4ab3d01ef76e59957ff549f",
        "type": "github"
      },
      "original": {
        "owner": "nix-community",
        "repo": "nixos-vscode-server",
        "type": "github"
      }
    }
  },
  "root": "root",
  "version": 7
}
