{
  "name": "@withgraphite/graphite-cli",
  "version": "1.8.6",
  "lockfileVersion": 3,
  "requires": true,
  "packages": {
    "": {
      "name": "@withgraphite/graphite-cli",
      "version": "1.8.6",
      "license": "None",
      "bin": {
        "graphite": "bin/gt.js",
        "gt": "bin/gt.js"
      },
      "optionalDependencies": {
        "@withgraphite/graphite-cli-darwin-arm64": "1.8.6",
        "@withgraphite/graphite-cli-darwin-x64": "1.8.6",
        "@withgraphite/graphite-cli-linux-arm64": "1.8.6",
        "@withgraphite/graphite-cli-linux-x64": "1.8.6",
        "@withgraphite/graphite-cli-win32-x64": "1.8.6"
      }
    },
    "node_modules/@withgraphite/graphite-cli-darwin-arm64": {
      "version": "1.8.6",
      "resolved": "https://registry.npmjs.org/@withgraphite/graphite-cli-darwin-arm64/-/graphite-cli-darwin-arm64-1.8.6.tgz",
      "integrity": "sha512-d2XdL4OBaSCapc60IKgOVXV58R+SsYdeTzvnsU+uznp9QOManvGtHDgsgGV2amdoYfNYpTWyF/7hx4fKAncOcw==",
      "cpu": [
        "arm64"
      ],
      "license": "None",
      "optional": true,
      "os": [
        "darwin"
      ],
      "bin": {
        "gt": "bin/gt"
      }
    },
    "node_modules/@withgraphite/graphite-cli-darwin-x64": {
      "version": "1.8.6",
      "resolved": "https://registry.npmjs.org/@withgraphite/graphite-cli-darwin-x64/-/graphite-cli-darwin-x64-1.8.6.tgz",
      "integrity": "sha512-xFeWtXhT6fh0iv+iWNMzdAQCI3h0L+zy3TmlUwgtYaO++zHSvwfGs2YCowY+cMtq14zzCC4j2H0iWvfdW/dEXw==",
      "cpu": [
        "x64"
      ],
      "license": "None",
      "optional": true,
      "os": [
        "darwin"
      ],
      "bin": {
        "gt": "bin/gt"
      }
    },
    "node_modules/@withgraphite/graphite-cli-linux-arm64": {
      "version": "1.8.6",
      "resolved": "https://registry.npmjs.org/@withgraphite/graphite-cli-linux-arm64/-/graphite-cli-linux-arm64-1.8.6.tgz",
      "integrity": "sha512-1w+yi0VPzt52FIzQNLyXdsnhiScarLSqsNwiB6qD9LNaVmNSKKTzrlzKYhvP2i+Qeq7R16y2EvkhuLibBXO3oA==",
      "cpu": [
        "arm64"
      ],
      "license": "None",
      "optional": true,
      "os": [
        "linux"
      ],
      "bin": {
        "gt": "bin/gt"
      }
    },
    "node_modules/@withgraphite/graphite-cli-linux-x64": {
      "version": "1.8.6",
      "resolved": "https://registry.npmjs.org/@withgraphite/graphite-cli-linux-x64/-/graphite-cli-linux-x64-1.8.6.tgz",
      "integrity": "sha512-nlP3NL3oG5TnWWR5WrPMVnAx7Bksr8/zpMFtJ+mpUXEDYr/Y73z+hYQk8sqEs8xpIsRPXc92mwBZBMsL9nlH8Q==",
      "cpu": [
        "x64"
      ],
      "license": "None",
      "optional": true,
      "os": [
        "linux"
      ],
      "bin": {
        "gt": "bin/gt"
      }
    },
    "node_modules/@withgraphite/graphite-cli-win32-x64": {
      "version": "1.8.6",
      "resolved": "https://registry.npmjs.org/@withgraphite/graphite-cli-win32-x64/-/graphite-cli-win32-x64-1.8.6.tgz",
      "integrity": "sha512-HFygjftw3knJwqcREBRSwi09MNMSBBLtS/9IQgodptoxFqhSicnw9Yn9XJYOghUYXENvMajjTpMOblQxWsmlhQ==",
      "cpu": [
        "x64"
      ],
      "license": "None",
      "optional": true,
      "os": [
        "win32"
      ],
      "bin": {
        "gt": "bin/gt.exe"
      }
    }
  }
}
